
Microsoft Visual Studio Solution File, Format Version 11.00
# Visual Studio 2010
Project("{FAE04EC0-301F-11D3-BF4B-00C04F79EFBC}") = "Assembly-CSharp", "Assembly-CSharp.csproj", "{98DDE378-DEA9-8527-1069-0FE40BF3C26A}"
EndProject
Global
	GlobalSection(SolutionConfigurationPlatforms) = preSolution
		Debug|Any CPU = Debug|Any CPU
		Release|Any CPU = Release|Any CPU
	EndGlobalSection
	GlobalSection(ProjectConfigurationPlatforms) = postSolution
		{98DDE378-DEA9-8527-1069-0FE40BF3C26A}.Debug|Any CPU.ActiveCfg = Debug|Any CPU
		{98DDE378-DEA9-8527-1069-0FE40BF3C26A}.Debug|Any CPU.Build.0 = Debug|Any CPU
		{98DDE378-DEA9-8527-1069-0FE40BF3C26A}.Release|Any CPU.ActiveCfg = Release|Any CPU
		{98DDE378-DEA9-8527-1069-0FE40BF3C26A}.Release|Any CPU.Build.0 = Release|Any CPU
	EndGlobalSection
	GlobalSection(SolutionProperties) = preSolution
		HideSolutionNode = FALSE
	EndGlobalSection
	GlobalSection(MonoDevelopProperties) = preSolution
		StartupItem = Assembly-CSharp.csproj
	EndGlobalSection
EndGlobal
